// !$*UTF8*$!
{
	archiveVersion = 1;
	classes = {
	};
	objectVersion = 50;
	objects = {

/* Begin PBXBuildFile section */
		94BB80FE2114E38A005C9632 /* AppDelegate.swift in Sources */ = {isa = PBXBuildFile; fileRef = 94BB80FD2114E38A005C9632 /* AppDelegate.swift */; };
		94BB81002114E38A005C9632 /* QuestionsViewController.swift in Sources */ = {isa = PBXBuildFile; fileRef = 94BB80FF2114E38A005C9632 /* QuestionsViewController.swift */; };
		94BB81032114E38A005C9632 /* Main.storyboard in Resources */ = {isa = PBXBuildFile; fileRef = 94BB81012114E38A005C9632 /* Main.storyboard */; };
		94BB81052114E38B005C9632 /* Assets.xcassets in Resources */ = {isa = PBXBuildFile; fileRef = 94BB81042114E38B005C9632 /* Assets.xcassets */; };
		94BB81082114E38B005C9632 /* LaunchScreen.storyboard in Resources */ = {isa = PBXBuildFile; fileRef = 94BB81062114E38B005C9632 /* LaunchScreen.storyboard */; };
		94BB81132114E38C005C9632 /* iOS_Project_StackOverflowTests.swift in Sources */ = {isa = PBXBuildFile; fileRef = 94BB81122114E38C005C9632 /* iOS_Project_StackOverflowTests.swift */; };
		94BB811E2114E443005C9632 /* Network.swift in Sources */ = {isa = PBXBuildFile; fileRef = 94BB811D2114E443005C9632 /* Network.swift */; };
		94BB8122211504ED005C9632 /* QuestionView.xib in Resources */ = {isa = PBXBuildFile; fileRef = 94BB8121211504ED005C9632 /* QuestionView.xib */; };
		94BB81242115051F005C9632 /* QuestionView.swift in Sources */ = {isa = PBXBuildFile; fileRef = 94BB81232115051F005C9632 /* QuestionView.swift */; };
		94BB812621150A67005C9632 /* AnswersViewController.swift in Sources */ = {isa = PBXBuildFile; fileRef = 94BB812521150A67005C9632 /* AnswersViewController.swift */; };
		94BB812821153541005C9632 /* UIView-Visual.swift in Sources */ = {isa = PBXBuildFile; fileRef = 94BB812721153541005C9632 /* UIView-Visual.swift */; };
		94BB812C211535DD005C9632 /* AnswerCell.swift in Sources */ = {isa = PBXBuildFile; fileRef = 94BB812B211535DD005C9632 /* AnswerCell.swift */; };
		94BB812E211546A6005C9632 /* String+htmlDecoder.swift in Sources */ = {isa = PBXBuildFile; fileRef = 94BB812D211546A6005C9632 /* String+htmlDecoder.swift */; };
		94BB8130211559B4005C9632 /* CustomUIImageView.swift in Sources */ = {isa = PBXBuildFile; fileRef = 94BB812F211559B4005C9632 /* CustomUIImageView.swift */; };
		94BB813221155A3E005C9632 /* QuestionCell.swift in Sources */ = {isa = PBXBuildFile; fileRef = 94BB813121155A3E005C9632 /* QuestionCell.swift */; };
/* End PBXBuildFile section */

/* Begin PBXContainerItemProxy section */
		94BB810F2114E38C005C9632 /* PBXContainerItemProxy */ = {
			isa = PBXContainerItemProxy;
			containerPortal = 94BB80F22114E38A005C9632 /* Project object */;
			proxyType = 1;
			remoteGlobalIDString = 94BB80F92114E38A005C9632;
			remoteInfo = iOS_Project_StackOverflow;
		};
/* End PBXContainerItemProxy section */

/* Begin PBXFileReference section */
		94BB80FA2114E38A005C9632 /* iOS_Project_StackOverflow.app */ = {isa = PBXFileReference; explicitFileType = wrapper.application; includeInIndex = 0; path = iOS_Project_StackOverflow.app; sourceTree = BUILT_PRODUCTS_DIR; };
		94BB80FD2114E38A005C9632 /* AppDelegate.swift */ = {isa = PBXFileReference; lastKnownFileType = sourcecode.swift; path = AppDelegate.swift; sourceTree = "<group>"; };
		94BB80FF2114E38A005C9632 /* QuestionsViewController.swift */ = {isa = PBXFileReference; lastKnownFileType = sourcecode.swift; path = QuestionsViewController.swift; sourceTree = "<group>"; };
		94BB81022114E38A005C9632 /* Base */ = {isa = PBXFileReference; lastKnownFileType = file.storyboard; name = Base; path = Base.lproj/Main.storyboard; sourceTree = "<group>"; };
		94BB81042114E38B005C9632 /* Assets.xcassets */ = {isa = PBXFileReference; lastKnownFileType = folder.assetcatalog; path = Assets.xcassets; sourceTree = "<group>"; };
		94BB81072114E38B005C9632 /* Base */ = {isa = PBXFileReference; lastKnownFileType = file.storyboard; name = Base; path = Base.lproj/LaunchScreen.storyboard; sourceTree = "<group>"; };
		94BB81092114E38B005C9632 /* Info.plist */ = {isa = PBXFileReference; lastKnownFileType = text.plist.xml; path = Info.plist; sourceTree = "<group>"; };
		94BB810E2114E38C005C9632 /* iOS_Project_StackOverflowTests.xctest */ = {isa = PBXFileReference; explicitFileType = wrapper.cfbundle; includeInIndex = 0; path = iOS_Project_StackOverflowTests.xctest; sourceTree = BUILT_PRODUCTS_DIR; };
		94BB81122114E38C005C9632 /* iOS_Project_StackOverflowTests.swift */ = {isa = PBXFileReference; lastKnownFileType = sourcecode.swift; path = iOS_Project_StackOverflowTests.swift; sourceTree = "<group>"; };
		94BB81142114E38C005C9632 /* Info.plist */ = {isa = PBXFileReference; lastKnownFileType = text.plist.xml; path = Info.plist; sourceTree = "<group>"; };
		94BB811D2114E443005C9632 /* Network.swift */ = {isa = PBXFileReference; lastKnownFileType = sourcecode.swift; path = Network.swift; sourceTree = "<group>"; };
		94BB8121211504ED005C9632 /* QuestionView.xib */ = {isa = PBXFileReference; lastKnownFileType = file.xib; path = QuestionView.xib; sourceTree = "<group>"; };
		94BB81232115051F005C9632 /* QuestionView.swift */ = {isa = PBXFileReference; lastKnownFileType = sourcecode.swift; path = QuestionView.swift; sourceTree = "<group>"; };
		94BB812521150A67005C9632 /* AnswersViewController.swift */ = {isa = PBXFileReference; lastKnownFileType = sourcecode.swift; path = AnswersViewController.swift; sourceTree = "<group>"; };
		94BB812721153541005C9632 /* UIView-Visual.swift */ = {isa = PBXFileReference; lastKnownFileType = sourcecode.swift; path = "UIView-Visual.swift"; sourceTree = "<group>"; };
		94BB812B211535DD005C9632 /* AnswerCell.swift */ = {isa = PBXFileReference; lastKnownFileType = sourcecode.swift; path = AnswerCell.swift; sourceTree = "<group>"; };
		94BB812D211546A6005C9632 /* String+htmlDecoder.swift */ = {isa = PBXFileReference; lastKnownFileType = sourcecode.swift; path = "String+htmlDecoder.swift"; sourceTree = "<group>"; };
		94BB812F211559B4005C9632 /* CustomUIImageView.swift */ = {isa = PBXFileReference; lastKnownFileType = sourcecode.swift; path = CustomUIImageView.swift; sourceTree = "<group>"; };
		94BB813121155A3E005C9632 /* QuestionCell.swift */ = {isa = PBXFileReference; lastKnownFileType = sourcecode.swift; path = QuestionCell.swift; sourceTree = "<group>"; };
/* End PBXFileReference section */

/* Begin PBXFrameworksBuildPhase section */
		94BB80F72114E38A005C9632 /* Frameworks */ = {
			isa = PBXFrameworksBuildPhase;
			buildActionMask = 2147483647;
			files = (
			);
			runOnlyForDeploymentPostprocessing = 0;
		};
		94BB810B2114E38C005C9632 /* Frameworks */ = {
			isa = PBXFrameworksBuildPhase;
			buildActionMask = 2147483647;
			files = (
			);
			runOnlyForDeploymentPostprocessing = 0;
		};
/* End PBXFrameworksBuildPhase section */

/* Begin PBXGroup section */
		94BB80F12114E38A005C9632 = {
			isa = PBXGroup;
			children = (
				94BB80FC2114E38A005C9632 /* iOS_Project_StackOverflow */,
				94BB81112114E38C005C9632 /* iOS_Project_StackOverflowTests */,
				94BB80FB2114E38A005C9632 /* Products */,
			);
			sourceTree = "<group>";
		};
		94BB80FB2114E38A005C9632 /* Products */ = {
			isa = PBXGroup;
			children = (
				94BB80FA2114E38A005C9632 /* iOS_Project_StackOverflow.app */,
				94BB810E2114E38C005C9632 /* iOS_Project_StackOverflowTests.xctest */,
			);
			name = Products;
			sourceTree = "<group>";
		};
		94BB80FC2114E38A005C9632 /* iOS_Project_StackOverflow */ = {
			isa = PBXGroup;
			children = (
				94BB80FD2114E38A005C9632 /* AppDelegate.swift */,
				94BB813321155AC9005C9632 /* ViewControllers */,
				94BB812A211535BF005C9632 /* CustomViews */,
				94BB812921153564005C9632 /* extensions */,
				94BB811D2114E443005C9632 /* Network.swift */,
				94BB81012114E38A005C9632 /* Main.storyboard */,
				94BB81042114E38B005C9632 /* Assets.xcassets */,
				94BB81062114E38B005C9632 /* LaunchScreen.storyboard */,
				94BB81092114E38B005C9632 /* Info.plist */,
			);
			path = iOS_Project_StackOverflow;
			sourceTree = "<group>";
		};
		94BB81112114E38C005C9632 /* iOS_Project_StackOverflowTests */ = {
			isa = PBXGroup;
			children = (
				94BB81122114E38C005C9632 /* iOS_Project_StackOverflowTests.swift */,
				94BB81142114E38C005C9632 /* Info.plist */,
			);
			path = iOS_Project_StackOverflowTests;
			sourceTree = "<group>";
		};
		94BB812921153564005C9632 /* extensions */ = {
			isa = PBXGroup;
			children = (
				94BB812721153541005C9632 /* UIView-Visual.swift */,
				94BB812D211546A6005C9632 /* String+htmlDecoder.swift */,
			);
			name = extensions;
			path = "New Group";
			sourceTree = "<group>";
		};
		94BB812A211535BF005C9632 /* CustomViews */ = {
			isa = PBXGroup;
			children = (
				94BB812F211559B4005C9632 /* CustomUIImageView.swift */,
				94BB812B211535DD005C9632 /* AnswerCell.swift */,
				94BB813121155A3E005C9632 /* QuestionCell.swift */,
				94BB8121211504ED005C9632 /* QuestionView.xib */,
				94BB81232115051F005C9632 /* QuestionView.swift */,
			);
			path = CustomViews;
			sourceTree = "<group>";
		};
		94BB813321155AC9005C9632 /* ViewControllers */ = {
			isa = PBXGroup;
			children = (
				94BB812521150A67005C9632 /* AnswersViewController.swift */,
				94BB80FF2114E38A005C9632 /* QuestionsViewController.swift */,
			);
			path = ViewControllers;
			sourceTree = "<group>";
		};
/* End PBXGroup section */

/* Begin PBXNativeTarget section */
		94BB80F92114E38A005C9632 /* iOS_Project_StackOverflow */ = {
			isa = PBXNativeTarget;
			buildConfigurationList = 94BB81172114E38C005C9632 /* Build configuration list for PBXNativeTarget "iOS_Project_StackOverflow" */;
			buildPhases = (
				94BB80F62114E38A005C9632 /* Sources */,
				94BB80F72114E38A005C9632 /* Frameworks */,
				94BB80F82114E38A005C9632 /* Resources */,
			);
			buildRules = (
			);
			dependencies = (
			);
			name = iOS_Project_StackOverflow;
			productName = iOS_Project_StackOverflow;
			productReference = 94BB80FA2114E38A005C9632 /* iOS_Project_StackOverflow.app */;
			productType = "com.apple.product-type.application";
		};
		94BB810D2114E38C005C9632 /* iOS_Project_StackOverflowTests */ = {
			isa = PBXNativeTarget;
			buildConfigurationList = 94BB811A2114E38C005C9632 /* Build configuration list for PBXNativeTarget "iOS_Project_StackOverflowTests" */;
			buildPhases = (
				94BB810A2114E38C005C9632 /* Sources */,
				94BB810B2114E38C005C9632 /* Frameworks */,
				94BB810C2114E38C005C9632 /* Resources */,
			);
			buildRules = (
			);
			dependencies = (
				94BB81102114E38C005C9632 /* PBXTargetDependency */,
			);
			name = iOS_Project_StackOverflowTests;
			productName = iOS_Project_StackOverflowTests;
			productReference = 94BB810E2114E38C005C9632 /* iOS_Project_StackOverflowTests.xctest */;
			productType = "com.apple.product-type.bundle.unit-test";
		};
/* End PBXNativeTarget section */

/* Begin PBXProject section */
		94BB80F22114E38A005C9632 /* Project object */ = {
			isa = PBXProject;
			attributes = {
				LastSwiftUpdateCheck = 1000;
				LastUpgradeCheck = 1000;
				ORGANIZATIONNAME = "Robbie Pritchard";
				TargetAttributes = {
					94BB80F92114E38A005C9632 = {
						CreatedOnToolsVersion = 10.0;
					};
					94BB810D2114E38C005C9632 = {
						CreatedOnToolsVersion = 10.0;
						TestTargetID = 94BB80F92114E38A005C9632;
					};
				};
			};
			buildConfigurationList = 94BB80F52114E38A005C9632 /* Build configuration list for PBXProject "iOS_Project_StackOverflow" */;
			compatibilityVersion = "Xcode 9.3";
			developmentRegion = en;
			hasScannedForEncodings = 0;
			knownRegions = (
				en,
				Base,
			);
			mainGroup = 94BB80F12114E38A005C9632;
			productRefGroup = 94BB80FB2114E38A005C9632 /* Products */;
			projectDirPath = "";
			projectRoot = "";
			targets = (
				94BB80F92114E38A005C9632 /* iOS_Project_StackOverflow */,
				94BB810D2114E38C005C9632 /* iOS_Project_StackOverflowTests */,
			);
		};
/* End PBXProject section */

/* Begin PBXResourcesBuildPhase section */
		94BB80F82114E38A005C9632 /* Resources */ = {
			isa = PBXResourcesBuildPhase;
			buildActionMask = 2147483647;
			files = (
				94BB8122211504ED005C9632 /* QuestionView.xib in Resources */,
				94BB81082114E38B005C9632 /* LaunchScreen.storyboard in Resources */,
				94BB81052114E38B005C9632 /* Assets.xcassets in Resources */,
				94BB81032114E38A005C9632 /* Main.storyboard in Resources */,
			);
			runOnlyForDeploymentPostprocessing = 0;
		};
		94BB810C2114E38C005C9632 /* Resources */ = {
			isa = PBXResourcesBuildPhase;
			buildActionMask = 2147483647;
			files = (
			);
			runOnlyForDeploymentPostprocessing = 0;
		};
/* End PBXResourcesBuildPhase section */

/* Begin PBXSourcesBuildPhase section */
		94BB80F62114E38A005C9632 /* Sources */ = {
			isa = PBXSourcesBuildPhase;
			buildActionMask = 2147483647;
			files = (
				94BB8130211559B4005C9632 /* CustomUIImageView.swift in Sources */,
				94BB812E211546A6005C9632 /* String+htmlDecoder.swift in Sources */,
				94BB812C211535DD005C9632 /* AnswerCell.swift in Sources */,
				94BB81242115051F005C9632 /* QuestionView.swift in Sources */,
				94BB81002114E38A005C9632 /* QuestionsViewController.swift in Sources */,
				94BB812821153541005C9632 /* UIView-Visual.swift in Sources */,
				94BB80FE2114E38A005C9632 /* AppDelegate.swift in Sources */,
				94BB811E2114E443005C9632 /* Network.swift in Sources */,
				94BB812621150A67005C9632 /* AnswersViewController.swift in Sources */,
				94BB813221155A3E005C9632 /* QuestionCell.swift in Sources */,
			);
			runOnlyForDeploymentPostprocessing = 0;
		};
		94BB810A2114E38C005C9632 /* Sources */ = {
			isa = PBXSourcesBuildPhase;
			buildActionMask = 2147483647;
			files = (
				94BB81132114E38C005C9632 /* iOS_Project_StackOverflowTests.swift in Sources */,
			);
			runOnlyForDeploymentPostprocessing = 0;
		};
/* End PBXSourcesBuildPhase section */

/* Begin PBXTargetDependency section */
		94BB81102114E38C005C9632 /* PBXTargetDependency */ = {
			isa = PBXTargetDependency;
			target = 94BB80F92114E38A005C9632 /* iOS_Project_StackOverflow */;
			targetProxy = 94BB810F2114E38C005C9632 /* PBXContainerItemProxy */;
		};
/* End PBXTargetDependency section */

/* Begin PBXVariantGroup section */
		94BB81012114E38A005C9632 /* Main.storyboard */ = {
			isa = PBXVariantGroup;
			children = (
				94BB81022114E38A005C9632 /* Base */,
			);
			name = Main.storyboard;
			sourceTree = "<group>";
		};
		94BB81062114E38B005C9632 /* LaunchScreen.storyboard */ = {
			isa = PBXVariantGroup;
			children = (
				94BB81072114E38B005C9632 /* Base */,
			);
			name = LaunchScreen.storyboard;
			sourceTree = "<group>";
		};
/* End PBXVariantGroup section */

/* Begin XCBuildConfiguration section */
		94BB81152114E38C005C9632 /* Debug */ = {
			isa = XCBuildConfiguration;
			buildSettings = {
				ALWAYS_SEARCH_USER_PATHS = NO;
				CLANG_ANALYZER_NONNULL = YES;
				CLANG_ANALYZER_NUMBER_OBJECT_CONVERSION = YES_AGGRESSIVE;
				CLANG_CXX_LANGUAGE_STANDARD = "gnu++14";
				CLANG_CXX_LIBRARY = "libc++";
				CLANG_ENABLE_MODULES = YES;
				CLANG_ENABLE_OBJC_ARC = YES;
				CLANG_ENABLE_OBJC_WEAK = YES;
				CLANG_WARN_BLOCK_CAPTURE_AUTORELEASING = YES;
				CLANG_WARN_BOOL_CONVERSION = YES;
				CLANG_WARN_COMMA = YES;
				CLANG_WARN_CONSTANT_CONVERSION = YES;
				CLANG_WARN_DEPRECATED_OBJC_IMPLEMENTATIONS = YES;
				CLANG_WARN_DIRECT_OBJC_ISA_USAGE = YES_ERROR;
				CLANG_WARN_DOCUMENTATION_COMMENTS = YES;
				CLANG_WARN_EMPTY_BODY = YES;
				CLANG_WARN_ENUM_CONVERSION = YES;
				CLANG_WARN_INFINITE_RECURSION = YES;
				CLANG_WARN_INT_CONVERSION = YES;
				CLANG_WARN_NON_LITERAL_NULL_CONVERSION = YES;
				CLANG_WARN_OBJC_IMPLICIT_RETAIN_SELF = YES;
				CLANG_WARN_OBJC_LITERAL_CONVERSION = YES;
				CLANG_WARN_OBJC_ROOT_CLASS = YES_ERROR;
				CLANG_WARN_RANGE_LOOP_ANALYSIS = YES;
				CLANG_WARN_STRICT_PROTOTYPES = YES;
				CLANG_WARN_SUSPICIOUS_MOVE = YES;
				CLANG_WARN_UNGUARDED_AVAILABILITY = YES_AGGRESSIVE;
				CLANG_WARN_UNREACHABLE_CODE = YES;
				CLANG_WARN__DUPLICATE_METHOD_MATCH = YES;
				CODE_SIGN_IDENTITY = "iPhone Developer";
				COPY_PHASE_STRIP = NO;
				DEBUG_INFORMATION_FORMAT = dwarf;
				ENABLE_STRICT_OBJC_MSGSEND = YES;
				ENABLE_TESTABILITY = YES;
				GCC_C_LANGUAGE_STANDARD = gnu11;
				GCC_DYNAMIC_NO_PIC = NO;
				GCC_NO_COMMON_BLOCKS = YES;
				GCC_OPTIMIZATION_LEVEL = 0;
				GCC_PREPROCESSOR_DEFINITIONS = (
					"DEBUG=1",
					"$(inherited)",
				);
				GCC_WARN_64_TO_32_BIT_CONVERSION = YES;
				GCC_WARN_ABOUT_RETURN_TYPE = YES_ERROR;
				GCC_WARN_UNDECLARED_SELECTOR = YES;
				GCC_WARN_UNINITIALIZED_AUTOS = YES_AGGRESSIVE;
				GCC_WARN_UNUSED_FUNCTION = YES;
				GCC_WARN_UNUSED_VARIABLE = YES;
				IPHONEOS_DEPLOYMENT_TARGET = 12.0;
				MTL_ENABLE_DEBUG_INFO = INCLUDE_SOURCE;
				MTL_FAST_MATH = YES;
				ONLY_ACTIVE_ARCH = YES;
				SDKROOT = iphoneos;
				SWIFT_ACTIVE_COMPILATION_CONDITIONS = DEBUG;
				SWIFT_OPTIMIZATION_LEVEL = "-Onone";
			};
			name = Debug;
		};
		94BB81162114E38C005C9632 /* Release */ = {
			isa = XCBuildConfiguration;
			buildSettings = {
				ALWAYS_SEARCH_USER_PATHS = NO;
				CLANG_ANALYZER_NONNULL = YES;
				CLANG_ANALYZER_NUMBER_OBJECT_CONVERSION = YES_AGGRESSIVE;
				CLANG_CXX_LANGUAGE_STANDARD = "gnu++14";
				CLANG_CXX_LIBRARY = "libc++";
				CLANG_ENABLE_MODULES = YES;
				CLANG_ENABLE_OBJC_ARC = YES;
				CLANG_ENABLE_OBJC_WEAK = YES;
				CLANG_WARN_BLOCK_CAPTURE_AUTORELEASING = YES;
				CLANG_WARN_BOOL_CONVERSION = YES;
				CLANG_WARN_COMMA = YES;
				CLANG_WARN_CONSTANT_CONVERSION = YES;
				CLANG_WARN_DEPRECATED_OBJC_IMPLEMENTATIONS = YES;
				CLANG_WARN_DIRECT_OBJC_ISA_USAGE = YES_ERROR;
				CLANG_WARN_DOCUMENTATION_COMMENTS = YES;
				CLANG_WARN_EMPTY_BODY = YES;
				CLANG_WARN_ENUM_CONVERSION = YES;
				CLANG_WARN_INFINITE_RECURSION = YES;
				CLANG_WARN_INT_CONVERSION = YES;
				CLANG_WARN_NON_LITERAL_NULL_CONVERSION = YES;
				CLANG_WARN_OBJC_IMPLICIT_RETAIN_SELF = YES;
				CLANG_WARN_OBJC_LITERAL_CONVERSION = YES;
				CLANG_WARN_OBJC_ROOT_CLASS = YES_ERROR;
				CLANG_WARN_RANGE_LOOP_ANALYSIS = YES;
				CLANG_WARN_STRICT_PROTOTYPES = YES;
				CLANG_WARN_SUSPICIOUS_MOVE = YES;
				CLANG_WARN_UNGUARDED_AVAILABILITY = YES_AGGRESSIVE;
				CLANG_WARN_UNREACHABLE_CODE = YES;
				CLANG_WARN__DUPLICATE_METHOD_MATCH = YES;
				CODE_SIGN_IDENTITY = "iPhone Developer";
				COPY_PHASE_STRIP = NO;
				DEBUG_INFORMATION_FORMAT = "dwarf-with-dsym";
				ENABLE_NS_ASSERTIONS = NO;
				ENABLE_STRICT_OBJC_MSGSEND = YES;
				GCC_C_LANGUAGE_STANDARD = gnu11;
				GCC_NO_COMMON_BLOCKS = YES;
				GCC_WARN_64_TO_32_BIT_CONVERSION = YES;
				GCC_WARN_ABOUT_RETURN_TYPE = YES_ERROR;
				GCC_WARN_UNDECLARED_SELECTOR = YES;
				GCC_WARN_UNINITIALIZED_AUTOS = YES_AGGRESSIVE;
				GCC_WARN_UNUSED_FUNCTION = YES;
				GCC_WARN_UNUSED_VARIABLE = YES;
				IPHONEOS_DEPLOYMENT_TARGET = 12.0;
				MTL_ENABLE_DEBUG_INFO = NO;
				MTL_FAST_MATH = YES;
				SDKROOT = iphoneos;
				SWIFT_COMPILATION_MODE = wholemodule;
				SWIFT_OPTIMIZATION_LEVEL = "-O";
				VALIDATE_PRODUCT = YES;
			};
			name = Release;
		};
		94BB81182114E38C005C9632 /* Debug */ = {
			isa = XCBuildConfiguration;
			buildSettings = {
				ASSETCATALOG_COMPILER_APPICON_NAME = AppIcon;
				CODE_SIGN_STYLE = Automatic;
				DEVELOPMENT_TEAM = 2BKQH9WXWZ;
				INFOPLIST_FILE = iOS_Project_StackOverflow/Info.plist;
				IPHONEOS_DEPLOYMENT_TARGET = 11.0;
				LD_RUNPATH_SEARCH_PATHS = (
					"$(inherited)",
					"@executable_path/Frameworks",
				);
				PRODUCT_BUNDLE_IDENTIFIER = "robbiepritchard.iOS-Project-StackOverflow";
				PRODUCT_NAME = "$(TARGET_NAME)";
				SWIFT_VERSION = 4.2;
				TARGETED_DEVICE_FAMILY = "1,2";
			};
			name = Debug;
		};
		94BB81192114E38C005C9632 /* Release */ = {
			isa = XCBuildConfiguration;
			buildSettings = {
				ASSETCATALOG_COMPILER_APPICON_NAME = AppIcon;
				CODE_SIGN_STYLE = Automatic;
				DEVELOPMENT_TEAM = 2BKQH9WXWZ;
				INFOPLIST_FILE = iOS_Project_StackOverflow/Info.plist;
				IPHONEOS_DEPLOYMENT_TARGET = 11.0;
				LD_RUNPATH_SEARCH_PATHS = (
					"$(inherited)",
					"@executable_path/Frameworks",
				);
				PRODUCT_BUNDLE_IDENTIFIER = "robbiepritchard.iOS-Project-StackOverflow";
				PRODUCT_NAME = "$(TARGET_NAME)";
				SWIFT_VERSION = 4.2;
				TARGETED_DEVICE_FAMILY = "1,2";
			};
			name = Release;
		};
		94BB811B2114E38C005C9632 /* Debug */ = {
			isa = XCBuildConfiguration;
			buildSettings = {
				ALWAYS_EMBED_SWIFT_STANDARD_LIBRARIES = YES;
				BUNDLE_LOADER = "$(TEST_HOST)";
				CODE_SIGN_STYLE = Automatic;
				DEVELOPMENT_TEAM = 2BKQH9WXWZ;
				INFOPLIST_FILE = iOS_Project_StackOverflowTests/Info.plist;
				LD_RUNPATH_SEARCH_PATHS = (
					"$(inherited)",
					"@executable_path/Frameworks",
					"@loader_path/Frameworks",
				);
				PRODUCT_BUNDLE_IDENTIFIER = "robbiepritchard.iOS-Project-StackOverflowTests";
				PRODUCT_NAME = "$(TARGET_NAME)";
				SWIFT_VERSION = 4.2;
				TARGETED_DEVICE_FAMILY = "1,2";
				TEST_HOST = "$(BUILT_PRODUCTS_DIR)/iOS_Project_StackOverflow.app/iOS_Project_StackOverflow";
			};
			name = Debug;
		};
		94BB811C2114E38C005C9632 /* Release */ = {
			isa = XCBuildConfiguration;
			buildSettings = {
				ALWAYS_EMBED_SWIFT_STANDARD_LIBRARIES = YES;
				BUNDLE_LOADER = "$(TEST_HOST)";
				CODE_SIGN_STYLE = Automatic;
				DEVELOPMENT_TEAM = 2BKQH9WXWZ;
				INFOPLIST_FILE = iOS_Project_StackOverflowTests/Info.plist;
				LD_RUNPATH_SEARCH_PATHS = (
					"$(inherited)",
					"@executable_path/Frameworks",
					"@loader_path/Frameworks",
				);
				PRODUCT_BUNDLE_IDENTIFIER = "robbiepritchard.iOS-Project-StackOverflowTests";
				PRODUCT_NAME = "$(TARGET_NAME)";
				SWIFT_VERSION = 4.2;
				TARGETED_DEVICE_FAMILY = "1,2";
				TEST_HOST = "$(BUILT_PRODUCTS_DIR)/iOS_Project_StackOverflow.app/iOS_Project_StackOverflow";
			};
			name = Release;
		};
/* End XCBuildConfiguration section */

/* Begin XCConfigurationList section */
		94BB80F52114E38A005C9632 /* Build configuration list for PBXProject "iOS_Project_StackOverflow" */ = {
			isa = XCConfigurationList;
			buildConfigurations = (
				94BB81152114E38C005C9632 /* Debug */,
				94BB81162114E38C005C9632 /* Release */,
			);
			defaultConfigurationIsVisible = 0;
			defaultConfigurationName = Release;
		};
		94BB81172114E38C005C9632 /* Build configuration list for PBXNativeTarget "iOS_Project_StackOverflow" */ = {
			isa = XCConfigurationList;
			buildConfigurations = (
				94BB81182114E38C005C9632 /* Debug */,
				94BB81192114E38C005C9632 /* Release */,
			);
			defaultConfigurationIsVisible = 0;
			defaultConfigurationName = Release;
		};
		94BB811A2114E38C005C9632 /* Build configuration list for PBXNativeTarget "iOS_Project_StackOverflowTests" */ = {
			isa = XCConfigurationList;
			buildConfigurations = (
				94BB811B2114E38C005C9632 /* Debug */,
				94BB811C2114E38C005C9632 /* Release */,
			);
			defaultConfigurationIsVisible = 0;
			defaultConfigurationName = Release;
		};
/* End XCConfigurationList section */
	};
	rootObject = 94BB80F22114E38A005C9632 /* Project object */;
}
